// !$*UTF8*$!
{
	archiveVersion = 1;
	classes = {
	};
	objectVersion = 77;
	objects = {

/* Begin PBXBuildFile section */
		16705E6C2EBB357C00E4834F /* Assets.xcassets in Resources */ = {isa = PBXBuildFile; fileRef = 16705E682EBB357C00E4834F /* Assets.xcassets */; };
		16705E722EBB37CC00E4834F /* BodyTypeListView.swift in Sources */ = {isa = PBXBuildFile; fileRef = 16705E712EBB37C700E4834F /* BodyTypeListView.swift */; };
		16705E802EBB3C5700E4834F /* LoadExerciseUseCase.swift in Sources */ = {isa = PBXBuildFile; fileRef = 16705E7F2EBB3C5700E4834F /* LoadExerciseUseCase.swift */; };
		16705E842EBB3C8000E4834F /* ExerciseListRepository.swift in Sources */ = {isa = PBXBuildFile; fileRef = 16705E832EBB3C8000E4834F /* ExerciseListRepository.swift */; };
		16705E872EBB3CE200E4834F /* MuscleGroup.swift in Sources */ = {isa = PBXBuildFile; fileRef = 16705E862EBB3CE200E4834F /* MuscleGroup.swift */; };
		16705E892EBB3CE700E4834F /* Equipment.swift in Sources */ = {isa = PBXBuildFile; fileRef = 16705E882EBB3CE700E4834F /* Equipment.swift */; };
		16705E8B2EBB3CEC00E4834F /* Exercise.swift in Sources */ = {isa = PBXBuildFile; fileRef = 16705E8A2EBB3CEC00E4834F /* Exercise.swift */; };
		16705E8E2EBB3CFA00E4834F /* ImpExerciseListRepository.swift in Sources */ = {isa = PBXBuildFile; fileRef = 16705E8D2EBB3CFA00E4834F /* ImpExerciseListRepository.swift */; };
		16705E902EBB3D9500E4834F /* LoadMuscleUseCase.swift in Sources */ = {isa = PBXBuildFile; fileRef = 16705E8F2EBB3D9500E4834F /* LoadMuscleUseCase.swift */; };
		16705E922EBB3F8800E4834F /* BodyTypeListViewModel.swift in Sources */ = {isa = PBXBuildFile; fileRef = 16705E912EBB3F8800E4834F /* BodyTypeListViewModel.swift */; };
		16705E952EBC227E00E4834F /* WorkOutView.swift in Sources */ = {isa = PBXBuildFile; fileRef = 16705E942EBC227900E4834F /* WorkOutView.swift */; };
		16705E9A2EBC2E6C00E4834F /* PretendardVariable.ttf in Resources */ = {isa = PBXBuildFile; fileRef = 16705E992EBC2E6C00E4834F /* PretendardVariable.ttf */; };
		16705E9E2EBC320400E4834F /* extension+Font.swift in Sources */ = {isa = PBXBuildFile; fileRef = 16705E9D2EBC31F600E4834F /* extension+Font.swift */; };
		16705EA12EBC401000E4834F /* App.swift in Sources */ = {isa = PBXBuildFile; fileRef = 16705EA02EBC400800E4834F /* App.swift */; };
		16705EA32EBC407200E4834F /* MainTabView.swift in Sources */ = {isa = PBXBuildFile; fileRef = 16705EA22EBC407200E4834F /* MainTabView.swift */; };
		16705FE52EC1820500E4834F /* extension+Color.swift in Sources */ = {isa = PBXBuildFile; fileRef = 16705FE42EC1820500E4834F /* extension+Color.swift */; };
		B004443D2ED48AE1004E08B5 /* WorkOutStore.swift in Sources */ = {isa = PBXBuildFile; fileRef = B004443C2ED48ADC004E08B5 /* WorkOutStore.swift */; };
		B004443F2ED48C33004E08B5 /* WorkOutDependency.swift in Sources */ = {isa = PBXBuildFile; fileRef = B004443E2ED48C33004E08B5 /* WorkOutDependency.swift */; };
/* End PBXBuildFile section */

/* Begin PBXFileReference section */
		16705E5A2EBB34E200E4834F /* GilgimExerciseApp.app */ = {isa = PBXFileReference; explicitFileType = wrapper.application; includeInIndex = 0; path = GilgimExerciseApp.app; sourceTree = BUILT_PRODUCTS_DIR; };
		16705E682EBB357C00E4834F /* Assets.xcassets */ = {isa = PBXFileReference; lastKnownFileType = folder.assetcatalog; path = Assets.xcassets; sourceTree = "<group>"; };
		16705E712EBB37C700E4834F /* BodyTypeListView.swift */ = {isa = PBXFileReference; lastKnownFileType = sourcecode.swift; path = BodyTypeListView.swift; sourceTree = "<group>"; };
		16705E7F2EBB3C5700E4834F /* LoadExerciseUseCase.swift */ = {isa = PBXFileReference; lastKnownFileType = sourcecode.swift; path = LoadExerciseUseCase.swift; sourceTree = "<group>"; };
		16705E832EBB3C8000E4834F /* ExerciseListRepository.swift */ = {isa = PBXFileReference; lastKnownFileType = sourcecode.swift; path = ExerciseListRepository.swift; sourceTree = "<group>"; };
		16705E862EBB3CE200E4834F /* MuscleGroup.swift */ = {isa = PBXFileReference; lastKnownFileType = sourcecode.swift; path = MuscleGroup.swift; sourceTree = "<group>"; };
		16705E882EBB3CE700E4834F /* Equipment.swift */ = {isa = PBXFileReference; lastKnownFileType = sourcecode.swift; path = Equipment.swift; sourceTree = "<group>"; };
		16705E8A2EBB3CEC00E4834F /* Exercise.swift */ = {isa = PBXFileReference; lastKnownFileType = sourcecode.swift; path = Exercise.swift; sourceTree = "<group>"; };
		16705E8D2EBB3CFA00E4834F /* ImpExerciseListRepository.swift */ = {isa = PBXFileReference; lastKnownFileType = sourcecode.swift; path = ImpExerciseListRepository.swift; sourceTree = "<group>"; };
		16705E8F2EBB3D9500E4834F /* LoadMuscleUseCase.swift */ = {isa = PBXFileReference; lastKnownFileType = sourcecode.swift; path = LoadMuscleUseCase.swift; sourceTree = "<group>"; };
		16705E912EBB3F8800E4834F /* BodyTypeListViewModel.swift */ = {isa = PBXFileReference; lastKnownFileType = sourcecode.swift; path = BodyTypeListViewModel.swift; sourceTree = "<group>"; };
		16705E942EBC227900E4834F /* WorkOutView.swift */ = {isa = PBXFileReference; lastKnownFileType = sourcecode.swift; path = WorkOutView.swift; sourceTree = "<group>"; };
		16705E992EBC2E6C00E4834F /* PretendardVariable.ttf */ = {isa = PBXFileReference; lastKnownFileType = file; path = PretendardVariable.ttf; sourceTree = "<group>"; };
		16705E9C2EBC309500E4834F /* Info.plist */ = {isa = PBXFileReference; lastKnownFileType = text.plist; path = Info.plist; sourceTree = "<group>"; };
		16705E9D2EBC31F600E4834F /* extension+Font.swift */ = {isa = PBXFileReference; lastKnownFileType = sourcecode.swift; path = "extension+Font.swift"; sourceTree = "<group>"; };
		16705EA02EBC400800E4834F /* App.swift */ = {isa = PBXFileReference; lastKnownFileType = sourcecode.swift; path = App.swift; sourceTree = "<group>"; };
		16705EA22EBC407200E4834F /* MainTabView.swift */ = {isa = PBXFileReference; lastKnownFileType = sourcecode.swift; path = MainTabView.swift; sourceTree = "<group>"; };
		16705FE42EC1820500E4834F /* extension+Color.swift */ = {isa = PBXFileReference; lastKnownFileType = sourcecode.swift; path = "extension+Color.swift"; sourceTree = "<group>"; };
		B004443C2ED48ADC004E08B5 /* WorkOutStore.swift */ = {isa = PBXFileReference; lastKnownFileType = sourcecode.swift; path = WorkOutStore.swift; sourceTree = "<group>"; };
		B004443E2ED48C33004E08B5 /* WorkOutDependency.swift */ = {isa = PBXFileReference; lastKnownFileType = sourcecode.swift; path = WorkOutDependency.swift; sourceTree = "<group>"; };
/* End PBXFileReference section */

/* Begin PBXFrameworksBuildPhase section */
		16705E572EBB34E200E4834F /* Frameworks */ = {
			isa = PBXFrameworksBuildPhase;
			buildActionMask = 2147483647;
			files = (
			);
			runOnlyForDeploymentPostprocessing = 0;
		};
/* End PBXFrameworksBuildPhase section */

/* Begin PBXGroup section */
		16705E512EBB34E200E4834F = {
			isa = PBXGroup;
			children = (
				16705E6B2EBB357C00E4834F /* GilgimExerciseApp */,
				16705E5B2EBB34E200E4834F /* Products */,
			);
			sourceTree = "<group>";
		};
		16705E5B2EBB34E200E4834F /* Products */ = {
			isa = PBXGroup;
			children = (
				16705E5A2EBB34E200E4834F /* GilgimExerciseApp.app */,
			);
			name = Products;
			sourceTree = "<group>";
		};
		16705E6B2EBB357C00E4834F /* GilgimExerciseApp */ = {
			isa = PBXGroup;
			children = (
				16705E9C2EBC309500E4834F /* Info.plist */,
				16705E9F2EBC3FBC00E4834F /* MainApp */,
				16705E682EBB357C00E4834F /* Assets.xcassets */,
				16705E962EBC2BEB00E4834F /* Core */,
				16705E932EBC226D00E4834F /* WorkOut */,
				16705EAA2EBC48AF00E4834F /* Home */,
				16705E6F2EBB37AA00E4834F /* BodyTypeList */,
			);
			path = GilgimExerciseApp;
			sourceTree = "<group>";
		};
		16705E6F2EBB37AA00E4834F /* BodyTypeList */ = {
			isa = PBXGroup;
			children = (
				16705E8C2EBB3CF200E4834F /* Data */,
				16705E812EBB3C6A00E4834F /* Domain */,
				16705E702EBB37BF00E4834F /* Presentation */,
			);
			path = BodyTypeList;
			sourceTree = "<group>";
		};
		16705E702EBB37BF00E4834F /* Presentation */ = {
			isa = PBXGroup;
			children = (
				16705E712EBB37C700E4834F /* BodyTypeListView.swift */,
				16705E912EBB3F8800E4834F /* BodyTypeListViewModel.swift */,
			);
			path = Presentation;
			sourceTree = "<group>";
		};
		16705E7E2EBB3C4C00E4834F /* UseCases */ = {
			isa = PBXGroup;
			children = (
				16705E8F2EBB3D9500E4834F /* LoadMuscleUseCase.swift */,
				16705E7F2EBB3C5700E4834F /* LoadExerciseUseCase.swift */,
			);
			path = UseCases;
			sourceTree = "<group>";
		};
		16705E812EBB3C6A00E4834F /* Domain */ = {
			isa = PBXGroup;
			children = (
				16705E852EBB3CD900E4834F /* Entities */,
				16705E822EBB3C7500E4834F /* Repository */,
				16705E7E2EBB3C4C00E4834F /* UseCases */,
			);
			path = Domain;
			sourceTree = "<group>";
		};
		16705E822EBB3C7500E4834F /* Repository */ = {
			isa = PBXGroup;
			children = (
				16705E832EBB3C8000E4834F /* ExerciseListRepository.swift */,
			);
			path = Repository;
			sourceTree = "<group>";
		};
		16705E852EBB3CD900E4834F /* Entities */ = {
			isa = PBXGroup;
			children = (
				16705E8A2EBB3CEC00E4834F /* Exercise.swift */,
				16705E882EBB3CE700E4834F /* Equipment.swift */,
				16705E862EBB3CE200E4834F /* MuscleGroup.swift */,
			);
			path = Entities;
			sourceTree = "<group>";
		};
		16705E8C2EBB3CF200E4834F /* Data */ = {
			isa = PBXGroup;
			children = (
				16705E8D2EBB3CFA00E4834F /* ImpExerciseListRepository.swift */,
			);
			path = Data;
			sourceTree = "<group>";
		};
		16705E932EBC226D00E4834F /* WorkOut */ = {
			isa = PBXGroup;
			children = (
				B004443E2ED48C33004E08B5 /* WorkOutDependency.swift */,
				B004443C2ED48ADC004E08B5 /* WorkOutStore.swift */,
				16705E942EBC227900E4834F /* WorkOutView.swift */,
			);
			path = WorkOut;
			sourceTree = "<group>";
		};
		16705E962EBC2BEB00E4834F /* Core */ = {
			isa = PBXGroup;
			children = (
				16705E972EBC2BFD00E4834F /* DesignSystem */,
			);
			path = Core;
			sourceTree = "<group>";
		};
		16705E972EBC2BFD00E4834F /* DesignSystem */ = {
			isa = PBXGroup;
			children = (
				16705FDF2EC180C900E4834F /* Color */,
				16705E982EBC2C1B00E4834F /* Font */,
			);
			path = DesignSystem;
			sourceTree = "<group>";
		};
		16705E982EBC2C1B00E4834F /* Font */ = {
			isa = PBXGroup;
			children = (
				16705E9D2EBC31F600E4834F /* extension+Font.swift */,
				16705E992EBC2E6C00E4834F /* PretendardVariable.ttf */,
			);
			path = Font;
			sourceTree = "<group>";
		};
		16705E9F2EBC3FBC00E4834F /* MainApp */ = {
			isa = PBXGroup;
			children = (
				16705EA02EBC400800E4834F /* App.swift */,
				16705EA22EBC407200E4834F /* MainTabView.swift */,
			);
			path = MainApp;
			sourceTree = "<group>";
		};
		16705EAA2EBC48AF00E4834F /* Home */ = {
			isa = PBXGroup;
			children = (
			);
			path = Home;
			sourceTree = "<group>";
		};
		16705FDF2EC180C900E4834F /* Color */ = {
			isa = PBXGroup;
			children = (
				16705FE42EC1820500E4834F /* extension+Color.swift */,
			);
			path = Color;
			sourceTree = "<group>";
		};
/* End PBXGroup section */

/* Begin PBXNativeTarget section */
		16705E592EBB34E200E4834F /* GilgimExerciseApp */ = {
			isa = PBXNativeTarget;
			buildConfigurationList = 16705E652EBB34E500E4834F /* Build configuration list for PBXNativeTarget "GilgimExerciseApp" */;
			buildPhases = (
				16705E562EBB34E200E4834F /* Sources */,
				16705E572EBB34E200E4834F /* Frameworks */,
				16705E582EBB34E200E4834F /* Resources */,
			);
			buildRules = (
			);
			dependencies = (
			);
			name = GilgimExerciseApp;
			packageProductDependencies = (
			);
			productName = GilgimExerciseApp;
			productReference = 16705E5A2EBB34E200E4834F /* GilgimExerciseApp.app */;
			productType = "com.apple.product-type.application";
		};
/* End PBXNativeTarget section */

/* Begin PBXProject section */
		16705E522EBB34E200E4834F /* Project object */ = {
			isa = PBXProject;
			attributes = {
				BuildIndependentTargetsInParallel = 1;
				LastSwiftUpdateCheck = 2610;
				LastUpgradeCheck = 2610;
				TargetAttributes = {
					16705E592EBB34E200E4834F = {
						CreatedOnToolsVersion = 26.1;
					};
				};
			};
			buildConfigurationList = 16705E552EBB34E200E4834F /* Build configuration list for PBXProject "GilgimExerciseApp" */;
			developmentRegion = en;
			hasScannedForEncodings = 0;
			knownRegions = (
				en,
				Base,
			);
			mainGroup = 16705E512EBB34E200E4834F;
			minimizedProjectReferenceProxies = 1;
			preferredProjectObjectVersion = 77;
			productRefGroup = 16705E5B2EBB34E200E4834F /* Products */;
			projectDirPath = "";
			projectRoot = "";
			targets = (
				16705E592EBB34E200E4834F /* GilgimExerciseApp */,
			);
		};
/* End PBXProject section */

/* Begin PBXResourcesBuildPhase section */
		16705E582EBB34E200E4834F /* Resources */ = {
			isa = PBXResourcesBuildPhase;
			buildActionMask = 2147483647;
			files = (
				16705E6C2EBB357C00E4834F /* Assets.xcassets in Resources */,
				16705E9A2EBC2E6C00E4834F /* PretendardVariable.ttf in Resources */,
			);
			runOnlyForDeploymentPostprocessing = 0;
		};
/* End PBXResourcesBuildPhase section */

/* Begin PBXSourcesBuildPhase section */
		16705E562EBB34E200E4834F /* Sources */ = {
			isa = PBXSourcesBuildPhase;
			buildActionMask = 2147483647;
			files = (
				16705E722EBB37CC00E4834F /* BodyTypeListView.swift in Sources */,
				16705E8B2EBB3CEC00E4834F /* Exercise.swift in Sources */,
				16705E952EBC227E00E4834F /* WorkOutView.swift in Sources */,
				16705E802EBB3C5700E4834F /* LoadExerciseUseCase.swift in Sources */,
				B004443D2ED48AE1004E08B5 /* WorkOutStore.swift in Sources */,
				16705E872EBB3CE200E4834F /* MuscleGroup.swift in Sources */,
				16705EA12EBC401000E4834F /* App.swift in Sources */,
				16705E842EBB3C8000E4834F /* ExerciseListRepository.swift in Sources */,
				16705E9E2EBC320400E4834F /* extension+Font.swift in Sources */,
				16705E8E2EBB3CFA00E4834F /* ImpExerciseListRepository.swift in Sources */,
				16705FE52EC1820500E4834F /* extension+Color.swift in Sources */,
				16705E902EBB3D9500E4834F /* LoadMuscleUseCase.swift in Sources */,
				B004443F2ED48C33004E08B5 /* WorkOutDependency.swift in Sources */,
				16705E892EBB3CE700E4834F /* Equipment.swift in Sources */,
				16705E922EBB3F8800E4834F /* BodyTypeListViewModel.swift in Sources */,
				16705EA32EBC407200E4834F /* MainTabView.swift in Sources */,
			);
			runOnlyForDeploymentPostprocessing = 0;
		};
/* End PBXSourcesBuildPhase section */

/* Begin XCBuildConfiguration section */
		16705E632EBB34E500E4834F /* Debug */ = {
			isa = XCBuildConfiguration;
			buildSettings = {
				ALWAYS_SEARCH_USER_PATHS = NO;
				ASSETCATALOG_COMPILER_GENERATE_SWIFT_ASSET_SYMBOL_EXTENSIONS = YES;
				CLANG_ANALYZER_NONNULL = YES;
				CLANG_ANALYZER_NUMBER_OBJECT_CONVERSION = YES_AGGRESSIVE;
				CLANG_CXX_LANGUAGE_STANDARD = "gnu++20";
				CLANG_ENABLE_MODULES = YES;
				CLANG_ENABLE_OBJC_ARC = YES;
				CLANG_ENABLE_OBJC_WEAK = YES;
				CLANG_WARN_BLOCK_CAPTURE_AUTORELEASING = YES;
				CLANG_WARN_BOOL_CONVERSION = YES;
				CLANG_WARN_COMMA = YES;
				CLANG_WARN_CONSTANT_CONVERSION = YES;
				CLANG_WARN_DEPRECATED_OBJC_IMPLEMENTATIONS = YES;
				CLANG_WARN_DIRECT_OBJC_ISA_USAGE = YES_ERROR;
				CLANG_WARN_DOCUMENTATION_COMMENTS = YES;
				CLANG_WARN_EMPTY_BODY = YES;
				CLANG_WARN_ENUM_CONVERSION = YES;
				CLANG_WARN_INFINITE_RECURSION = YES;
				CLANG_WARN_INT_CONVERSION = YES;
				CLANG_WARN_NON_LITERAL_NULL_CONVERSION = YES;
				CLANG_WARN_OBJC_IMPLICIT_RETAIN_SELF = YES;
				CLANG_WARN_OBJC_LITERAL_CONVERSION = YES;
				CLANG_WARN_OBJC_ROOT_CLASS = YES_ERROR;
				CLANG_WARN_QUOTED_INCLUDE_IN_FRAMEWORK_HEADER = YES;
				CLANG_WARN_RANGE_LOOP_ANALYSIS = YES;
				CLANG_WARN_STRICT_PROTOTYPES = YES;
				CLANG_WARN_SUSPICIOUS_MOVE = YES;
				CLANG_WARN_UNGUARDED_AVAILABILITY = YES_AGGRESSIVE;
				CLANG_WARN_UNREACHABLE_CODE = YES;
				CLANG_WARN__DUPLICATE_METHOD_MATCH = YES;
				COPY_PHASE_STRIP = NO;
				DEBUG_INFORMATION_FORMAT = dwarf;
				DEVELOPMENT_TEAM = AZQ9YD7HMA;
				ENABLE_STRICT_OBJC_MSGSEND = YES;
				ENABLE_TESTABILITY = YES;
				ENABLE_USER_SCRIPT_SANDBOXING = YES;
				GCC_C_LANGUAGE_STANDARD = gnu17;
				GCC_DYNAMIC_NO_PIC = NO;
				GCC_NO_COMMON_BLOCKS = YES;
				GCC_OPTIMIZATION_LEVEL = 0;
				GCC_PREPROCESSOR_DEFINITIONS = (
					"DEBUG=1",
					"$(inherited)",
				);
				GCC_WARN_64_TO_32_BIT_CONVERSION = YES;
				GCC_WARN_ABOUT_RETURN_TYPE = YES_ERROR;
				GCC_WARN_UNDECLARED_SELECTOR = YES;
				GCC_WARN_UNINITIALIZED_AUTOS = YES_AGGRESSIVE;
				GCC_WARN_UNUSED_FUNCTION = YES;
				GCC_WARN_UNUSED_VARIABLE = YES;
				IPHONEOS_DEPLOYMENT_TARGET = 26.1;
				LOCALIZATION_PREFERS_STRING_CATALOGS = YES;
				MTL_ENABLE_DEBUG_INFO = INCLUDE_SOURCE;
				MTL_FAST_MATH = YES;
				ONLY_ACTIVE_ARCH = YES;
				SDKROOT = iphoneos;
				SWIFT_ACTIVE_COMPILATION_CONDITIONS = "DEBUG $(inherited)";
				SWIFT_OPTIMIZATION_LEVEL = "-Onone";
			};
			name = Debug;
		};
		16705E642EBB34E500E4834F /* Release */ = {
			isa = XCBuildConfiguration;
			buildSettings = {
				ALWAYS_SEARCH_USER_PATHS = NO;
				ASSETCATALOG_COMPILER_GENERATE_SWIFT_ASSET_SYMBOL_EXTENSIONS = YES;
				CLANG_ANALYZER_NONNULL = YES;
				CLANG_ANALYZER_NUMBER_OBJECT_CONVERSION = YES_AGGRESSIVE;
				CLANG_CXX_LANGUAGE_STANDARD = "gnu++20";
				CLANG_ENABLE_MODULES = YES;
				CLANG_ENABLE_OBJC_ARC = YES;
				CLANG_ENABLE_OBJC_WEAK = YES;
				CLANG_WARN_BLOCK_CAPTURE_AUTORELEASING = YES;
				CLANG_WARN_BOOL_CONVERSION = YES;
				CLANG_WARN_COMMA = YES;
				CLANG_WARN_CONSTANT_CONVERSION = YES;
				CLANG_WARN_DEPRECATED_OBJC_IMPLEMENTATIONS = YES;
				CLANG_WARN_DIRECT_OBJC_ISA_USAGE = YES_ERROR;
				CLANG_WARN_DOCUMENTATION_COMMENTS = YES;
				CLANG_WARN_EMPTY_BODY = YES;
				CLANG_WARN_ENUM_CONVERSION = YES;
				CLANG_WARN_INFINITE_RECURSION = YES;
				CLANG_WARN_INT_CONVERSION = YES;
				CLANG_WARN_NON_LITERAL_NULL_CONVERSION = YES;
				CLANG_WARN_OBJC_IMPLICIT_RETAIN_SELF = YES;
				CLANG_WARN_OBJC_LITERAL_CONVERSION = YES;
				CLANG_WARN_OBJC_ROOT_CLASS = YES_ERROR;
				CLANG_WARN_QUOTED_INCLUDE_IN_FRAMEWORK_HEADER = YES;
				CLANG_WARN_RANGE_LOOP_ANALYSIS = YES;
				CLANG_WARN_STRICT_PROTOTYPES = YES;
				CLANG_WARN_SUSPICIOUS_MOVE = YES;
				CLANG_WARN_UNGUARDED_AVAILABILITY = YES_AGGRESSIVE;
				CLANG_WARN_UNREACHABLE_CODE = YES;
				CLANG_WARN__DUPLICATE_METHOD_MATCH = YES;
				COPY_PHASE_STRIP = NO;
				DEBUG_INFORMATION_FORMAT = "dwarf-with-dsym";
				DEVELOPMENT_TEAM = AZQ9YD7HMA;
				ENABLE_NS_ASSERTIONS = NO;
				ENABLE_STRICT_OBJC_MSGSEND = YES;
				ENABLE_USER_SCRIPT_SANDBOXING = YES;
				GCC_C_LANGUAGE_STANDARD = gnu17;
				GCC_NO_COMMON_BLOCKS = YES;
				GCC_WARN_64_TO_32_BIT_CONVERSION = YES;
				GCC_WARN_ABOUT_RETURN_TYPE = YES_ERROR;
				GCC_WARN_UNDECLARED_SELECTOR = YES;
				GCC_WARN_UNINITIALIZED_AUTOS = YES_AGGRESSIVE;
				GCC_WARN_UNUSED_FUNCTION = YES;
				GCC_WARN_UNUSED_VARIABLE = YES;
				IPHONEOS_DEPLOYMENT_TARGET = 26.1;
				LOCALIZATION_PREFERS_STRING_CATALOGS = YES;
				MTL_ENABLE_DEBUG_INFO = NO;
				MTL_FAST_MATH = YES;
				SDKROOT = iphoneos;
				SWIFT_COMPILATION_MODE = wholemodule;
				VALIDATE_PRODUCT = YES;
			};
			name = Release;
		};
		16705E662EBB34E500E4834F /* Debug */ = {
			isa = XCBuildConfiguration;
			buildSettings = {
				ASSETCATALOG_COMPILER_APPICON_NAME = AppIcon;
				ASSETCATALOG_COMPILER_GLOBAL_ACCENT_COLOR_NAME = AccentColor;
				CODE_SIGN_STYLE = Automatic;
				CURRENT_PROJECT_VERSION = 1;
				DEVELOPMENT_TEAM = AZQ9YD7HMA;
				ENABLE_PREVIEWS = YES;
				GENERATE_INFOPLIST_FILE = YES;
				INFOPLIST_FILE = GilgimExerciseApp/Info.plist;
				INFOPLIST_KEY_UIApplicationSceneManifest_Generation = YES;
				INFOPLIST_KEY_UIApplicationSupportsIndirectInputEvents = YES;
				INFOPLIST_KEY_UILaunchScreen_Generation = YES;
				INFOPLIST_KEY_UISupportedInterfaceOrientations_iPad = "UIInterfaceOrientationPortrait UIInterfaceOrientationPortraitUpsideDown UIInterfaceOrientationLandscapeLeft UIInterfaceOrientationLandscapeRight";
				INFOPLIST_KEY_UISupportedInterfaceOrientations_iPhone = "UIInterfaceOrientationPortrait UIInterfaceOrientationLandscapeLeft UIInterfaceOrientationLandscapeRight";
				LD_RUNPATH_SEARCH_PATHS = (
					"$(inherited)",
					"@executable_path/Frameworks",
				);
				MARKETING_VERSION = 1.0;
				PRODUCT_BUNDLE_IDENTIFIER = com.gilgim.GilgimExerciseApp;
				PRODUCT_NAME = "$(TARGET_NAME)";
				STRING_CATALOG_GENERATE_SYMBOLS = YES;
				SWIFT_APPROACHABLE_CONCURRENCY = YES;
				SWIFT_DEFAULT_ACTOR_ISOLATION = MainActor;
				SWIFT_EMIT_LOC_STRINGS = YES;
				SWIFT_UPCOMING_FEATURE_MEMBER_IMPORT_VISIBILITY = YES;
				SWIFT_VERSION = 5.0;
				TARGETED_DEVICE_FAMILY = "1,2";
			};
			name = Debug;
		};
		16705E672EBB34E500E4834F /* Release */ = {
			isa = XCBuildConfiguration;
			buildSettings = {
				ASSETCATALOG_COMPILER_APPICON_NAME = AppIcon;
				ASSETCATALOG_COMPILER_GLOBAL_ACCENT_COLOR_NAME = AccentColor;
				CODE_SIGN_STYLE = Automatic;
				CURRENT_PROJECT_VERSION = 1;
				DEVELOPMENT_TEAM = AZQ9YD7HMA;
				ENABLE_PREVIEWS = YES;
				GENERATE_INFOPLIST_FILE = YES;
				INFOPLIST_FILE = GilgimExerciseApp/Info.plist;
				INFOPLIST_KEY_UIApplicationSceneManifest_Generation = YES;
				INFOPLIST_KEY_UIApplicationSupportsIndirectInputEvents = YES;
				INFOPLIST_KEY_UILaunchScreen_Generation = YES;
				INFOPLIST_KEY_UISupportedInterfaceOrientations_iPad = "UIInterfaceOrientationPortrait UIInterfaceOrientationPortraitUpsideDown UIInterfaceOrientationLandscapeLeft UIInterfaceOrientationLandscapeRight";
				INFOPLIST_KEY_UISupportedInterfaceOrientations_iPhone = "UIInterfaceOrientationPortrait UIInterfaceOrientationLandscapeLeft UIInterfaceOrientationLandscapeRight";
				LD_RUNPATH_SEARCH_PATHS = (
					"$(inherited)",
					"@executable_path/Frameworks",
				);
				MARKETING_VERSION = 1.0;
				PRODUCT_BUNDLE_IDENTIFIER = com.gilgim.GilgimExerciseApp;
				PRODUCT_NAME = "$(TARGET_NAME)";
				STRING_CATALOG_GENERATE_SYMBOLS = YES;
				SWIFT_APPROACHABLE_CONCURRENCY = YES;
				SWIFT_DEFAULT_ACTOR_ISOLATION = MainActor;
				SWIFT_EMIT_LOC_STRINGS = YES;
				SWIFT_UPCOMING_FEATURE_MEMBER_IMPORT_VISIBILITY = YES;
				SWIFT_VERSION = 5.0;
				TARGETED_DEVICE_FAMILY = "1,2";
			};
			name = Release;
		};
/* End XCBuildConfiguration section */

/* Begin XCConfigurationList section */
		16705E552EBB34E200E4834F /* Build configuration list for PBXProject "GilgimExerciseApp" */ = {
			isa = XCConfigurationList;
			buildConfigurations = (
				16705E632EBB34E500E4834F /* Debug */,
				16705E642EBB34E500E4834F /* Release */,
			);
			defaultConfigurationIsVisible = 0;
			defaultConfigurationName = Release;
		};
		16705E652EBB34E500E4834F /* Build configuration list for PBXNativeTarget "GilgimExerciseApp" */ = {
			isa = XCConfigurationList;
			buildConfigurations = (
				16705E662EBB34E500E4834F /* Debug */,
				16705E672EBB34E500E4834F /* Release */,
			);
			defaultConfigurationIsVisible = 0;
			defaultConfigurationName = Release;
		};
/* End XCConfigurationList section */
	};
	rootObject = 16705E522EBB34E200E4834F /* Project object */;
}
