// !$*UTF8*$!
{
	archiveVersion = 1;
	classes = {
	};
	objectVersion = 77;
	objects = {

/* Begin PBXBuildFile section */
		165531112ECD34DC00957B38 /* HomeView.swift in Sources */ = {isa = PBXBuildFile; fileRef = 165531102ECD34DC00957B38 /* HomeView.swift */; };
		1669631E2ED541FD00A31407 /* ExerciseEntity.swift in Sources */ = {isa = PBXBuildFile; fileRef = 1669631D2ED541F600A31407 /* ExerciseEntity.swift */; };
		166963212ED555CE00A31407 /* Exercise.swift in Sources */ = {isa = PBXBuildFile; fileRef = 166963202ED5559E00A31407 /* Exercise.swift */; };
		166963232ED558B500A31407 /* MusclePart.swift in Sources */ = {isa = PBXBuildFile; fileRef = 166963222ED5589000A31407 /* MusclePart.swift */; };
		166963252ED558F800A31407 /* EquipmentType.swift in Sources */ = {isa = PBXBuildFile; fileRef = 166963242ED558F600A31407 /* EquipmentType.swift */; };
		166963272ED55B2C00A31407 /* WorkoutEntity.swift in Sources */ = {isa = PBXBuildFile; fileRef = 166963262ED55B2C00A31407 /* WorkoutEntity.swift */; };
		166963292ED55B3700A31407 /* SetEntity.swift in Sources */ = {isa = PBXBuildFile; fileRef = 166963282ED55B3700A31407 /* SetEntity.swift */; };
		1669632B2ED55B6200A31407 /* CalendarEntity.swift in Sources */ = {isa = PBXBuildFile; fileRef = 1669632A2ED55B6200A31407 /* CalendarEntity.swift */; };
		166963302ED55F9B00A31407 /* ExerciseMapper.swift in Sources */ = {isa = PBXBuildFile; fileRef = 1669632F2ED55F9900A31407 /* ExerciseMapper.swift */; };
		166963332ED567D300A31407 /* ExerciseView.swift in Sources */ = {isa = PBXBuildFile; fileRef = 166963322ED567C500A31407 /* ExerciseView.swift */; };
		166963352ED568C600A31407 /* ExerciseListStore.swift in Sources */ = {isa = PBXBuildFile; fileRef = 166963342ED568C000A31407 /* ExerciseListStore.swift */; };
		166963372ED56BB400A31407 /* ExerciseRepository.swift in Sources */ = {isa = PBXBuildFile; fileRef = 166963362ED56BA900A31407 /* ExerciseRepository.swift */; };
		1669633A2ED56C9700A31407 /* MockExerciseRepo.swift in Sources */ = {isa = PBXBuildFile; fileRef = 166963392ED56C9000A31407 /* MockExerciseRepo.swift */; };
		1669633E2ED5727E00A31407 /* SaveExerciseUseCase.swift in Sources */ = {isa = PBXBuildFile; fileRef = 1669633D2ED5725600A31407 /* SaveExerciseUseCase.swift */; };
		166963402ED572B000A31407 /* DeleteExerciseUseCase.swift in Sources */ = {isa = PBXBuildFile; fileRef = 1669633F2ED572B000A31407 /* DeleteExerciseUseCase.swift */; };
		166963422ED572B100A31407 /* UpdateExerciseUseCase.swift in Sources */ = {isa = PBXBuildFile; fileRef = 166963412ED572B100A31407 /* UpdateExerciseUseCase.swift */; };
		166963442ED572B300A31407 /* LoadExerciseUseCase.swift in Sources */ = {isa = PBXBuildFile; fileRef = 166963432ED572B300A31407 /* LoadExerciseUseCase.swift */; };
		166963462ED573A400A31407 /* ExerciseListDependency.swift in Sources */ = {isa = PBXBuildFile; fileRef = 166963452ED573A400A31407 /* ExerciseListDependency.swift */; };
		166963482ED5814C00A31407 /* ExerciseRoute.swift in Sources */ = {isa = PBXBuildFile; fileRef = 166963472ED5814C00A31407 /* ExerciseRoute.swift */; };
		16705E6C2EBB357C00E4834F /* Assets.xcassets in Resources */ = {isa = PBXBuildFile; fileRef = 16705E682EBB357C00E4834F /* Assets.xcassets */; };
		16705E952EBC227E00E4834F /* WorkOutView.swift in Sources */ = {isa = PBXBuildFile; fileRef = 16705E942EBC227900E4834F /* WorkOutView.swift */; };
		16705E9A2EBC2E6C00E4834F /* PretendardVariable.ttf in Resources */ = {isa = PBXBuildFile; fileRef = 16705E992EBC2E6C00E4834F /* PretendardVariable.ttf */; };
		16705E9E2EBC320400E4834F /* extension+Font.swift in Sources */ = {isa = PBXBuildFile; fileRef = 16705E9D2EBC31F600E4834F /* extension+Font.swift */; };
		16705EA12EBC401000E4834F /* App.swift in Sources */ = {isa = PBXBuildFile; fileRef = 16705EA02EBC400800E4834F /* App.swift */; };
		16705EA32EBC407200E4834F /* MainTabView.swift in Sources */ = {isa = PBXBuildFile; fileRef = 16705EA22EBC407200E4834F /* MainTabView.swift */; };
		16705FE52EC1820500E4834F /* extension+Color.swift in Sources */ = {isa = PBXBuildFile; fileRef = 16705FE42EC1820500E4834F /* extension+Color.swift */; };
/* End PBXBuildFile section */

/* Begin PBXFileReference section */
		165531102ECD34DC00957B38 /* HomeView.swift */ = {isa = PBXFileReference; lastKnownFileType = sourcecode.swift; path = HomeView.swift; sourceTree = "<group>"; };
		1669631D2ED541F600A31407 /* ExerciseEntity.swift */ = {isa = PBXFileReference; lastKnownFileType = sourcecode.swift; path = ExerciseEntity.swift; sourceTree = "<group>"; };
		166963202ED5559E00A31407 /* Exercise.swift */ = {isa = PBXFileReference; lastKnownFileType = sourcecode.swift; path = Exercise.swift; sourceTree = "<group>"; };
		166963222ED5589000A31407 /* MusclePart.swift */ = {isa = PBXFileReference; lastKnownFileType = sourcecode.swift; path = MusclePart.swift; sourceTree = "<group>"; };
		166963242ED558F600A31407 /* EquipmentType.swift */ = {isa = PBXFileReference; lastKnownFileType = sourcecode.swift; path = EquipmentType.swift; sourceTree = "<group>"; };
		166963262ED55B2C00A31407 /* WorkoutEntity.swift */ = {isa = PBXFileReference; lastKnownFileType = sourcecode.swift; path = WorkoutEntity.swift; sourceTree = "<group>"; };
		166963282ED55B3700A31407 /* SetEntity.swift */ = {isa = PBXFileReference; lastKnownFileType = sourcecode.swift; path = SetEntity.swift; sourceTree = "<group>"; };
		1669632A2ED55B6200A31407 /* CalendarEntity.swift */ = {isa = PBXFileReference; lastKnownFileType = sourcecode.swift; path = CalendarEntity.swift; sourceTree = "<group>"; };
		1669632F2ED55F9900A31407 /* ExerciseMapper.swift */ = {isa = PBXFileReference; lastKnownFileType = sourcecode.swift; path = ExerciseMapper.swift; sourceTree = "<group>"; };
		166963322ED567C500A31407 /* ExerciseView.swift */ = {isa = PBXFileReference; lastKnownFileType = sourcecode.swift; path = ExerciseView.swift; sourceTree = "<group>"; };
		166963342ED568C000A31407 /* ExerciseListStore.swift */ = {isa = PBXFileReference; lastKnownFileType = sourcecode.swift; path = ExerciseListStore.swift; sourceTree = "<group>"; };
		166963362ED56BA900A31407 /* ExerciseRepository.swift */ = {isa = PBXFileReference; lastKnownFileType = sourcecode.swift; path = ExerciseRepository.swift; sourceTree = "<group>"; };
		166963392ED56C9000A31407 /* MockExerciseRepo.swift */ = {isa = PBXFileReference; lastKnownFileType = sourcecode.swift; path = MockExerciseRepo.swift; sourceTree = "<group>"; };
		1669633D2ED5725600A31407 /* SaveExerciseUseCase.swift */ = {isa = PBXFileReference; lastKnownFileType = sourcecode.swift; path = SaveExerciseUseCase.swift; sourceTree = "<group>"; };
		1669633F2ED572B000A31407 /* DeleteExerciseUseCase.swift */ = {isa = PBXFileReference; lastKnownFileType = sourcecode.swift; path = DeleteExerciseUseCase.swift; sourceTree = "<group>"; };
		166963412ED572B100A31407 /* UpdateExerciseUseCase.swift */ = {isa = PBXFileReference; lastKnownFileType = sourcecode.swift; path = UpdateExerciseUseCase.swift; sourceTree = "<group>"; };
		166963432ED572B300A31407 /* LoadExerciseUseCase.swift */ = {isa = PBXFileReference; lastKnownFileType = sourcecode.swift; path = LoadExerciseUseCase.swift; sourceTree = "<group>"; };
		166963452ED573A400A31407 /* ExerciseListDependency.swift */ = {isa = PBXFileReference; lastKnownFileType = sourcecode.swift; path = ExerciseListDependency.swift; sourceTree = "<group>"; };
		166963472ED5814C00A31407 /* ExerciseRoute.swift */ = {isa = PBXFileReference; lastKnownFileType = sourcecode.swift; path = ExerciseRoute.swift; sourceTree = "<group>"; };
		16705E5A2EBB34E200E4834F /* GilgimExerciseApp.app */ = {isa = PBXFileReference; explicitFileType = wrapper.application; includeInIndex = 0; path = GilgimExerciseApp.app; sourceTree = BUILT_PRODUCTS_DIR; };
		16705E682EBB357C00E4834F /* Assets.xcassets */ = {isa = PBXFileReference; lastKnownFileType = folder.assetcatalog; path = Assets.xcassets; sourceTree = "<group>"; };
		16705E942EBC227900E4834F /* WorkOutView.swift */ = {isa = PBXFileReference; lastKnownFileType = sourcecode.swift; path = WorkOutView.swift; sourceTree = "<group>"; };
		16705E992EBC2E6C00E4834F /* PretendardVariable.ttf */ = {isa = PBXFileReference; lastKnownFileType = file; path = PretendardVariable.ttf; sourceTree = "<group>"; };
		16705E9C2EBC309500E4834F /* Info.plist */ = {isa = PBXFileReference; lastKnownFileType = text.plist; path = Info.plist; sourceTree = "<group>"; };
		16705E9D2EBC31F600E4834F /* extension+Font.swift */ = {isa = PBXFileReference; lastKnownFileType = sourcecode.swift; path = "extension+Font.swift"; sourceTree = "<group>"; };
		16705EA02EBC400800E4834F /* App.swift */ = {isa = PBXFileReference; lastKnownFileType = sourcecode.swift; path = App.swift; sourceTree = "<group>"; };
		16705EA22EBC407200E4834F /* MainTabView.swift */ = {isa = PBXFileReference; lastKnownFileType = sourcecode.swift; path = MainTabView.swift; sourceTree = "<group>"; };
		16705FE42EC1820500E4834F /* extension+Color.swift */ = {isa = PBXFileReference; lastKnownFileType = sourcecode.swift; path = "extension+Color.swift"; sourceTree = "<group>"; };
/* End PBXFileReference section */

/* Begin PBXFrameworksBuildPhase section */
		16705E572EBB34E200E4834F /* Frameworks */ = {
			isa = PBXFrameworksBuildPhase;
			buildActionMask = 2147483647;
			files = (
			);
			runOnlyForDeploymentPostprocessing = 0;
		};
/* End PBXFrameworksBuildPhase section */

/* Begin PBXGroup section */
		1669631B2ED53D4C00A31407 /* Domain */ = {
			isa = PBXGroup;
			children = (
				1669633C2ED5721700A31407 /* UseCases */,
				1669632E2ED55F7600A31407 /* Repository */,
				1669631C2ED53E6B00A31407 /* Entities */,
			);
			path = Domain;
			sourceTree = "<group>";
		};
		1669631C2ED53E6B00A31407 /* Entities */ = {
			isa = PBXGroup;
			children = (
				166963202ED5559E00A31407 /* Exercise.swift */,
				166963222ED5589000A31407 /* MusclePart.swift */,
				166963242ED558F600A31407 /* EquipmentType.swift */,
			);
			path = Entities;
			sourceTree = "<group>";
		};
		1669631F2ED5523000A31407 /* SwiftData */ = {
			isa = PBXGroup;
			children = (
				1669632C2ED55CF400A31407 /* Entities */,
				1669632D2ED55EBE00A31407 /* Mappers */,
			);
			path = SwiftData;
			sourceTree = "<group>";
		};
		1669632C2ED55CF400A31407 /* Entities */ = {
			isa = PBXGroup;
			children = (
				1669631D2ED541F600A31407 /* ExerciseEntity.swift */,
				1669632A2ED55B6200A31407 /* CalendarEntity.swift */,
				166963262ED55B2C00A31407 /* WorkoutEntity.swift */,
				166963282ED55B3700A31407 /* SetEntity.swift */,
			);
			path = Entities;
			sourceTree = "<group>";
		};
		1669632D2ED55EBE00A31407 /* Mappers */ = {
			isa = PBXGroup;
			children = (
				1669632F2ED55F9900A31407 /* ExerciseMapper.swift */,
			);
			path = "Mapp\U0012ers";
			sourceTree = "<group>";
		};
		1669632E2ED55F7600A31407 /* Repository */ = {
			isa = PBXGroup;
			children = (
				166963362ED56BA900A31407 /* ExerciseRepository.swift */,
				166963382ED56C3B00A31407 /* Imp */,
			);
			path = Repository;
			sourceTree = "<group>";
		};
		166963312ED567AE00A31407 /* FeatureExercise */ = {
			isa = PBXGroup;
			children = (
				166963472ED5814C00A31407 /* ExerciseRoute.swift */,
				166963452ED573A400A31407 /* ExerciseListDependency.swift */,
				166963342ED568C000A31407 /* ExerciseListStore.swift */,
				166963322ED567C500A31407 /* ExerciseView.swift */,
			);
			path = FeatureExercise;
			sourceTree = "<group>";
		};
		166963382ED56C3B00A31407 /* Imp */ = {
			isa = PBXGroup;
			children = (
				166963392ED56C9000A31407 /* MockExerciseRepo.swift */,
			);
			path = Imp;
			sourceTree = "<group>";
		};
		1669633C2ED5721700A31407 /* UseCases */ = {
			isa = PBXGroup;
			children = (
				1669633D2ED5725600A31407 /* SaveExerciseUseCase.swift */,
				166963432ED572B300A31407 /* LoadExerciseUseCase.swift */,
				166963412ED572B100A31407 /* UpdateExerciseUseCase.swift */,
				1669633F2ED572B000A31407 /* DeleteExerciseUseCase.swift */,
			);
			path = UseCases;
			sourceTree = "<group>";
		};
		16705E512EBB34E200E4834F = {
			isa = PBXGroup;
			children = (
				16705E6B2EBB357C00E4834F /* GilgimExerciseApp */,
				16705E5B2EBB34E200E4834F /* Products */,
			);
			sourceTree = "<group>";
		};
		16705E5B2EBB34E200E4834F /* Products */ = {
			isa = PBXGroup;
			children = (
				16705E5A2EBB34E200E4834F /* GilgimExerciseApp.app */,
			);
			name = Products;
			sourceTree = "<group>";
		};
		16705E6B2EBB357C00E4834F /* GilgimExerciseApp */ = {
			isa = PBXGroup;
			children = (
				16705E9C2EBC309500E4834F /* Info.plist */,
				16705E9F2EBC3FBC00E4834F /* MainApp */,
				16705E682EBB357C00E4834F /* Assets.xcassets */,
				16705E962EBC2BEB00E4834F /* Core */,
				16705E932EBC226D00E4834F /* FeatureWorkOut */,
				166963312ED567AE00A31407 /* FeatureExercise */,
				16705EAA2EBC48AF00E4834F /* FeatureHome */,
			);
			path = GilgimExerciseApp;
			sourceTree = "<group>";
		};
		16705E932EBC226D00E4834F /* FeatureWorkOut */ = {
			isa = PBXGroup;
			children = (
				16705E942EBC227900E4834F /* WorkOutView.swift */,
			);
			path = FeatureWorkOut;
			sourceTree = "<group>";
		};
		16705E962EBC2BEB00E4834F /* Core */ = {
			isa = PBXGroup;
			children = (
				16705E972EBC2BFD00E4834F /* DesignSystem */,
				1669631B2ED53D4C00A31407 /* Domain */,
				1669631F2ED5523000A31407 /* SwiftData */,
			);
			path = Core;
			sourceTree = "<group>";
		};
		16705E972EBC2BFD00E4834F /* DesignSystem */ = {
			isa = PBXGroup;
			children = (
				16705FDF2EC180C900E4834F /* Color */,
				16705E982EBC2C1B00E4834F /* Font */,
			);
			path = DesignSystem;
			sourceTree = "<group>";
		};
		16705E982EBC2C1B00E4834F /* Font */ = {
			isa = PBXGroup;
			children = (
				16705E9D2EBC31F600E4834F /* extension+Font.swift */,
				16705E992EBC2E6C00E4834F /* PretendardVariable.ttf */,
			);
			path = Font;
			sourceTree = "<group>";
		};
		16705E9F2EBC3FBC00E4834F /* MainApp */ = {
			isa = PBXGroup;
			children = (
				16705EA02EBC400800E4834F /* App.swift */,
				16705EA22EBC407200E4834F /* MainTabView.swift */,
			);
			path = MainApp;
			sourceTree = "<group>";
		};
		16705EAA2EBC48AF00E4834F /* FeatureHome */ = {
			isa = PBXGroup;
			children = (
				165531102ECD34DC00957B38 /* HomeView.swift */,
			);
			path = FeatureHome;
			sourceTree = "<group>";
		};
		16705FDF2EC180C900E4834F /* Color */ = {
			isa = PBXGroup;
			children = (
				16705FE42EC1820500E4834F /* extension+Color.swift */,
			);
			path = Color;
			sourceTree = "<group>";
		};
/* End PBXGroup section */

/* Begin PBXNativeTarget section */
		16705E592EBB34E200E4834F /* GilgimExerciseApp */ = {
			isa = PBXNativeTarget;
			buildConfigurationList = 16705E652EBB34E500E4834F /* Build configuration list for PBXNativeTarget "GilgimExerciseApp" */;
			buildPhases = (
				16705E562EBB34E200E4834F /* Sources */,
				16705E572EBB34E200E4834F /* Frameworks */,
				16705E582EBB34E200E4834F /* Resources */,
			);
			buildRules = (
			);
			dependencies = (
			);
			name = GilgimExerciseApp;
			packageProductDependencies = (
			);
			productName = GilgimExerciseApp;
			productReference = 16705E5A2EBB34E200E4834F /* GilgimExerciseApp.app */;
			productType = "com.apple.product-type.application";
		};
/* End PBXNativeTarget section */

/* Begin PBXProject section */
		16705E522EBB34E200E4834F /* Project object */ = {
			isa = PBXProject;
			attributes = {
				BuildIndependentTargetsInParallel = 1;
				LastSwiftUpdateCheck = 2610;
				LastUpgradeCheck = 2610;
				TargetAttributes = {
					16705E592EBB34E200E4834F = {
						CreatedOnToolsVersion = 26.1;
					};
				};
			};
			buildConfigurationList = 16705E552EBB34E200E4834F /* Build configuration list for PBXProject "GilgimExerciseApp" */;
			developmentRegion = en;
			hasScannedForEncodings = 0;
			knownRegions = (
				en,
				Base,
			);
			mainGroup = 16705E512EBB34E200E4834F;
			minimizedProjectReferenceProxies = 1;
			preferredProjectObjectVersion = 77;
			productRefGroup = 16705E5B2EBB34E200E4834F /* Products */;
			projectDirPath = "";
			projectRoot = "";
			targets = (
				16705E592EBB34E200E4834F /* GilgimExerciseApp */,
			);
		};
/* End PBXProject section */

/* Begin PBXResourcesBuildPhase section */
		16705E582EBB34E200E4834F /* Resources */ = {
			isa = PBXResourcesBuildPhase;
			buildActionMask = 2147483647;
			files = (
				16705E6C2EBB357C00E4834F /* Assets.xcassets in Resources */,
				16705E9A2EBC2E6C00E4834F /* PretendardVariable.ttf in Resources */,
			);
			runOnlyForDeploymentPostprocessing = 0;
		};
/* End PBXResourcesBuildPhase section */

/* Begin PBXSourcesBuildPhase section */
		16705E562EBB34E200E4834F /* Sources */ = {
			isa = PBXSourcesBuildPhase;
			buildActionMask = 2147483647;
			files = (
				16705E952EBC227E00E4834F /* WorkOutView.swift in Sources */,
				166963212ED555CE00A31407 /* Exercise.swift in Sources */,
				165531112ECD34DC00957B38 /* HomeView.swift in Sources */,
				166963352ED568C600A31407 /* ExerciseListStore.swift in Sources */,
				16705EA12EBC401000E4834F /* App.swift in Sources */,
				1669633A2ED56C9700A31407 /* MockExerciseRepo.swift in Sources */,
				166963272ED55B2C00A31407 /* WorkoutEntity.swift in Sources */,
				16705E9E2EBC320400E4834F /* extension+Font.swift in Sources */,
				166963442ED572B300A31407 /* LoadExerciseUseCase.swift in Sources */,
				166963402ED572B000A31407 /* DeleteExerciseUseCase.swift in Sources */,
				166963232ED558B500A31407 /* MusclePart.swift in Sources */,
				166963372ED56BB400A31407 /* ExerciseRepository.swift in Sources */,
				16705FE52EC1820500E4834F /* extension+Color.swift in Sources */,
				1669633E2ED5727E00A31407 /* SaveExerciseUseCase.swift in Sources */,
				1669632B2ED55B6200A31407 /* CalendarEntity.swift in Sources */,
				166963332ED567D300A31407 /* ExerciseView.swift in Sources */,
				1669631E2ED541FD00A31407 /* ExerciseEntity.swift in Sources */,
				166963302ED55F9B00A31407 /* ExerciseMapper.swift in Sources */,
				166963252ED558F800A31407 /* EquipmentType.swift in Sources */,
				166963422ED572B100A31407 /* UpdateExerciseUseCase.swift in Sources */,
				16705EA32EBC407200E4834F /* MainTabView.swift in Sources */,
				166963482ED5814C00A31407 /* ExerciseRoute.swift in Sources */,
				166963462ED573A400A31407 /* ExerciseListDependency.swift in Sources */,
				166963292ED55B3700A31407 /* SetEntity.swift in Sources */,
			);
			runOnlyForDeploymentPostprocessing = 0;
		};
/* End PBXSourcesBuildPhase section */

/* Begin XCBuildConfiguration section */
		16705E632EBB34E500E4834F /* Debug */ = {
			isa = XCBuildConfiguration;
			buildSettings = {
				ALWAYS_SEARCH_USER_PATHS = NO;
				ASSETCATALOG_COMPILER_GENERATE_SWIFT_ASSET_SYMBOL_EXTENSIONS = YES;
				CLANG_ANALYZER_NONNULL = YES;
				CLANG_ANALYZER_NUMBER_OBJECT_CONVERSION = YES_AGGRESSIVE;
				CLANG_CXX_LANGUAGE_STANDARD = "gnu++20";
				CLANG_ENABLE_MODULES = YES;
				CLANG_ENABLE_OBJC_ARC = YES;
				CLANG_ENABLE_OBJC_WEAK = YES;
				CLANG_WARN_BLOCK_CAPTURE_AUTORELEASING = YES;
				CLANG_WARN_BOOL_CONVERSION = YES;
				CLANG_WARN_COMMA = YES;
				CLANG_WARN_CONSTANT_CONVERSION = YES;
				CLANG_WARN_DEPRECATED_OBJC_IMPLEMENTATIONS = YES;
				CLANG_WARN_DIRECT_OBJC_ISA_USAGE = YES_ERROR;
				CLANG_WARN_DOCUMENTATION_COMMENTS = YES;
				CLANG_WARN_EMPTY_BODY = YES;
				CLANG_WARN_ENUM_CONVERSION = YES;
				CLANG_WARN_INFINITE_RECURSION = YES;
				CLANG_WARN_INT_CONVERSION = YES;
				CLANG_WARN_NON_LITERAL_NULL_CONVERSION = YES;
				CLANG_WARN_OBJC_IMPLICIT_RETAIN_SELF = YES;
				CLANG_WARN_OBJC_LITERAL_CONVERSION = YES;
				CLANG_WARN_OBJC_ROOT_CLASS = YES_ERROR;
				CLANG_WARN_QUOTED_INCLUDE_IN_FRAMEWORK_HEADER = YES;
				CLANG_WARN_RANGE_LOOP_ANALYSIS = YES;
				CLANG_WARN_STRICT_PROTOTYPES = YES;
				CLANG_WARN_SUSPICIOUS_MOVE = YES;
				CLANG_WARN_UNGUARDED_AVAILABILITY = YES_AGGRESSIVE;
				CLANG_WARN_UNREACHABLE_CODE = YES;
				CLANG_WARN__DUPLICATE_METHOD_MATCH = YES;
				COPY_PHASE_STRIP = NO;
				DEBUG_INFORMATION_FORMAT = dwarf;
				DEVELOPMENT_TEAM = AZQ9YD7HMA;
				ENABLE_STRICT_OBJC_MSGSEND = YES;
				ENABLE_TESTABILITY = YES;
				ENABLE_USER_SCRIPT_SANDBOXING = YES;
				GCC_C_LANGUAGE_STANDARD = gnu17;
				GCC_DYNAMIC_NO_PIC = NO;
				GCC_NO_COMMON_BLOCKS = YES;
				GCC_OPTIMIZATION_LEVEL = 0;
				GCC_PREPROCESSOR_DEFINITIONS = (
					"DEBUG=1",
					"$(inherited)",
				);
				GCC_WARN_64_TO_32_BIT_CONVERSION = YES;
				GCC_WARN_ABOUT_RETURN_TYPE = YES_ERROR;
				GCC_WARN_UNDECLARED_SELECTOR = YES;
				GCC_WARN_UNINITIALIZED_AUTOS = YES_AGGRESSIVE;
				GCC_WARN_UNUSED_FUNCTION = YES;
				GCC_WARN_UNUSED_VARIABLE = YES;
				IPHONEOS_DEPLOYMENT_TARGET = 26.1;
				LOCALIZATION_PREFERS_STRING_CATALOGS = YES;
				MTL_ENABLE_DEBUG_INFO = INCLUDE_SOURCE;
				MTL_FAST_MATH = YES;
				ONLY_ACTIVE_ARCH = YES;
				SDKROOT = iphoneos;
				SWIFT_ACTIVE_COMPILATION_CONDITIONS = "DEBUG $(inherited)";
				SWIFT_OPTIMIZATION_LEVEL = "-Onone";
			};
			name = Debug;
		};
		16705E642EBB34E500E4834F /* Release */ = {
			isa = XCBuildConfiguration;
			buildSettings = {
				ALWAYS_SEARCH_USER_PATHS = NO;
				ASSETCATALOG_COMPILER_GENERATE_SWIFT_ASSET_SYMBOL_EXTENSIONS = YES;
				CLANG_ANALYZER_NONNULL = YES;
				CLANG_ANALYZER_NUMBER_OBJECT_CONVERSION = YES_AGGRESSIVE;
				CLANG_CXX_LANGUAGE_STANDARD = "gnu++20";
				CLANG_ENABLE_MODULES = YES;
				CLANG_ENABLE_OBJC_ARC = YES;
				CLANG_ENABLE_OBJC_WEAK = YES;
				CLANG_WARN_BLOCK_CAPTURE_AUTORELEASING = YES;
				CLANG_WARN_BOOL_CONVERSION = YES;
				CLANG_WARN_COMMA = YES;
				CLANG_WARN_CONSTANT_CONVERSION = YES;
				CLANG_WARN_DEPRECATED_OBJC_IMPLEMENTATIONS = YES;
				CLANG_WARN_DIRECT_OBJC_ISA_USAGE = YES_ERROR;
				CLANG_WARN_DOCUMENTATION_COMMENTS = YES;
				CLANG_WARN_EMPTY_BODY = YES;
				CLANG_WARN_ENUM_CONVERSION = YES;
				CLANG_WARN_INFINITE_RECURSION = YES;
				CLANG_WARN_INT_CONVERSION = YES;
				CLANG_WARN_NON_LITERAL_NULL_CONVERSION = YES;
				CLANG_WARN_OBJC_IMPLICIT_RETAIN_SELF = YES;
				CLANG_WARN_OBJC_LITERAL_CONVERSION = YES;
				CLANG_WARN_OBJC_ROOT_CLASS = YES_ERROR;
				CLANG_WARN_QUOTED_INCLUDE_IN_FRAMEWORK_HEADER = YES;
				CLANG_WARN_RANGE_LOOP_ANALYSIS = YES;
				CLANG_WARN_STRICT_PROTOTYPES = YES;
				CLANG_WARN_SUSPICIOUS_MOVE = YES;
				CLANG_WARN_UNGUARDED_AVAILABILITY = YES_AGGRESSIVE;
				CLANG_WARN_UNREACHABLE_CODE = YES;
				CLANG_WARN__DUPLICATE_METHOD_MATCH = YES;
				COPY_PHASE_STRIP = NO;
				DEBUG_INFORMATION_FORMAT = "dwarf-with-dsym";
				DEVELOPMENT_TEAM = AZQ9YD7HMA;
				ENABLE_NS_ASSERTIONS = NO;
				ENABLE_STRICT_OBJC_MSGSEND = YES;
				ENABLE_USER_SCRIPT_SANDBOXING = YES;
				GCC_C_LANGUAGE_STANDARD = gnu17;
				GCC_NO_COMMON_BLOCKS = YES;
				GCC_WARN_64_TO_32_BIT_CONVERSION = YES;
				GCC_WARN_ABOUT_RETURN_TYPE = YES_ERROR;
				GCC_WARN_UNDECLARED_SELECTOR = YES;
				GCC_WARN_UNINITIALIZED_AUTOS = YES_AGGRESSIVE;
				GCC_WARN_UNUSED_FUNCTION = YES;
				GCC_WARN_UNUSED_VARIABLE = YES;
				IPHONEOS_DEPLOYMENT_TARGET = 26.1;
				LOCALIZATION_PREFERS_STRING_CATALOGS = YES;
				MTL_ENABLE_DEBUG_INFO = NO;
				MTL_FAST_MATH = YES;
				SDKROOT = iphoneos;
				SWIFT_COMPILATION_MODE = wholemodule;
				VALIDATE_PRODUCT = YES;
			};
			name = Release;
		};
		16705E662EBB34E500E4834F /* Debug */ = {
			isa = XCBuildConfiguration;
			buildSettings = {
				ASSETCATALOG_COMPILER_APPICON_NAME = AppIcon;
				ASSETCATALOG_COMPILER_GLOBAL_ACCENT_COLOR_NAME = AccentColor;
				CODE_SIGN_STYLE = Automatic;
				CURRENT_PROJECT_VERSION = 1;
				DEVELOPMENT_TEAM = AZQ9YD7HMA;
				ENABLE_PREVIEWS = YES;
				GENERATE_INFOPLIST_FILE = YES;
				INFOPLIST_FILE = GilgimExerciseApp/Info.plist;
				INFOPLIST_KEY_UIApplicationSceneManifest_Generation = YES;
				INFOPLIST_KEY_UIApplicationSupportsIndirectInputEvents = YES;
				INFOPLIST_KEY_UILaunchScreen_Generation = YES;
				INFOPLIST_KEY_UISupportedInterfaceOrientations_iPad = "UIInterfaceOrientationPortrait UIInterfaceOrientationPortraitUpsideDown UIInterfaceOrientationLandscapeLeft UIInterfaceOrientationLandscapeRight";
				INFOPLIST_KEY_UISupportedInterfaceOrientations_iPhone = "UIInterfaceOrientationPortrait UIInterfaceOrientationLandscapeLeft UIInterfaceOrientationLandscapeRight";
				LD_RUNPATH_SEARCH_PATHS = (
					"$(inherited)",
					"@executable_path/Frameworks",
				);
				MARKETING_VERSION = 1.0;
				PRODUCT_BUNDLE_IDENTIFIER = com.gilgim.GilgimExerciseApp;
				PRODUCT_NAME = "$(TARGET_NAME)";
				STRING_CATALOG_GENERATE_SYMBOLS = YES;
				SWIFT_APPROACHABLE_CONCURRENCY = YES;
				SWIFT_DEFAULT_ACTOR_ISOLATION = MainActor;
				SWIFT_EMIT_LOC_STRINGS = YES;
				SWIFT_UPCOMING_FEATURE_MEMBER_IMPORT_VISIBILITY = YES;
				SWIFT_VERSION = 5.0;
				TARGETED_DEVICE_FAMILY = "1,2";
			};
			name = Debug;
		};
		16705E672EBB34E500E4834F /* Release */ = {
			isa = XCBuildConfiguration;
			buildSettings = {
				ASSETCATALOG_COMPILER_APPICON_NAME = AppIcon;
				ASSETCATALOG_COMPILER_GLOBAL_ACCENT_COLOR_NAME = AccentColor;
				CODE_SIGN_STYLE = Automatic;
				CURRENT_PROJECT_VERSION = 1;
				DEVELOPMENT_TEAM = AZQ9YD7HMA;
				ENABLE_PREVIEWS = YES;
				GENERATE_INFOPLIST_FILE = YES;
				INFOPLIST_FILE = GilgimExerciseApp/Info.plist;
				INFOPLIST_KEY_UIApplicationSceneManifest_Generation = YES;
				INFOPLIST_KEY_UIApplicationSupportsIndirectInputEvents = YES;
				INFOPLIST_KEY_UILaunchScreen_Generation = YES;
				INFOPLIST_KEY_UISupportedInterfaceOrientations_iPad = "UIInterfaceOrientationPortrait UIInterfaceOrientationPortraitUpsideDown UIInterfaceOrientationLandscapeLeft UIInterfaceOrientationLandscapeRight";
				INFOPLIST_KEY_UISupportedInterfaceOrientations_iPhone = "UIInterfaceOrientationPortrait UIInterfaceOrientationLandscapeLeft UIInterfaceOrientationLandscapeRight";
				LD_RUNPATH_SEARCH_PATHS = (
					"$(inherited)",
					"@executable_path/Frameworks",
				);
				MARKETING_VERSION = 1.0;
				PRODUCT_BUNDLE_IDENTIFIER = com.gilgim.GilgimExerciseApp;
				PRODUCT_NAME = "$(TARGET_NAME)";
				STRING_CATALOG_GENERATE_SYMBOLS = YES;
				SWIFT_APPROACHABLE_CONCURRENCY = YES;
				SWIFT_DEFAULT_ACTOR_ISOLATION = MainActor;
				SWIFT_EMIT_LOC_STRINGS = YES;
				SWIFT_UPCOMING_FEATURE_MEMBER_IMPORT_VISIBILITY = YES;
				SWIFT_VERSION = 5.0;
				TARGETED_DEVICE_FAMILY = "1,2";
			};
			name = Release;
		};
/* End XCBuildConfiguration section */

/* Begin XCConfigurationList section */
		16705E552EBB34E200E4834F /* Build configuration list for PBXProject "GilgimExerciseApp" */ = {
			isa = XCConfigurationList;
			buildConfigurations = (
				16705E632EBB34E500E4834F /* Debug */,
				16705E642EBB34E500E4834F /* Release */,
			);
			defaultConfigurationIsVisible = 0;
			defaultConfigurationName = Release;
		};
		16705E652EBB34E500E4834F /* Build configuration list for PBXNativeTarget "GilgimExerciseApp" */ = {
			isa = XCConfigurationList;
			buildConfigurations = (
				16705E662EBB34E500E4834F /* Debug */,
				16705E672EBB34E500E4834F /* Release */,
			);
			defaultConfigurationIsVisible = 0;
			defaultConfigurationName = Release;
		};
/* End XCConfigurationList section */
	};
	rootObject = 16705E522EBB34E200E4834F /* Project object */;
}
